// !$*UTF8*$!
{
	archiveVersion = 1;
	classes = {
	};
	objectVersion = 46;
	objects = {

/* Begin PBXBuildFile section */
		F77EE1B31CB69CA0009B8A04 /* main.m in Sources */ = {isa = PBXBuildFile; fileRef = F77EE1B21CB69CA0009B8A04 /* main.m */; };
		F77EE1B61CB69CA0009B8A04 /* AppDelegate.m in Sources */ = {isa = PBXBuildFile; fileRef = F77EE1B51CB69CA0009B8A04 /* AppDelegate.m */; };
		F77EE1B91CB69CA0009B8A04 /* ViewController.m in Sources */ = {isa = PBXBuildFile; fileRef = F77EE1B81CB69CA0009B8A04 /* ViewController.m */; };
		F77EE1BC1CB69CA0009B8A04 /* Main.storyboard in Resources */ = {isa = PBXBuildFile; fileRef = F77EE1BA1CB69CA0009B8A04 /* Main.storyboard */; };
		F77EE1BE1CB69CA0009B8A04 /* Assets.xcassets in Resources */ = {isa = PBXBuildFile; fileRef = F77EE1BD1CB69CA0009B8A04 /* Assets.xcassets */; };
		F77EE1C11CB69CA0009B8A04 /* LaunchScreen.storyboard in Resources */ = {isa = PBXBuildFile; fileRef = F77EE1BF1CB69CA0009B8A04 /* LaunchScreen.storyboard */; };
		F77EE1D61CB69F13009B8A04 /* AFHTTPSessionManager.m in Sources */ = {isa = PBXBuildFile; fileRef = F77EE1CA1CB69F13009B8A04 /* AFHTTPSessionManager.m */; };
		F77EE1D71CB69F13009B8A04 /* AFNetworkReachabilityManager.m in Sources */ = {isa = PBXBuildFile; fileRef = F77EE1CD1CB69F13009B8A04 /* AFNetworkReachabilityManager.m */; };
		F77EE1D81CB69F13009B8A04 /* AFSecurityPolicy.m in Sources */ = {isa = PBXBuildFile; fileRef = F77EE1CF1CB69F13009B8A04 /* AFSecurityPolicy.m */; };
		F77EE1D91CB69F13009B8A04 /* AFURLRequestSerialization.m in Sources */ = {isa = PBXBuildFile; fileRef = F77EE1D11CB69F13009B8A04 /* AFURLRequestSerialization.m */; };
		F77EE1DA1CB69F13009B8A04 /* AFURLResponseSerialization.m in Sources */ = {isa = PBXBuildFile; fileRef = F77EE1D31CB69F13009B8A04 /* AFURLResponseSerialization.m */; };
		F77EE1DB1CB69F13009B8A04 /* AFURLSessionManager.m in Sources */ = {isa = PBXBuildFile; fileRef = F77EE1D51CB69F13009B8A04 /* AFURLSessionManager.m */; };
		F77EE1F11CB69F1F009B8A04 /* AFAutoPurgingImageCache.m in Sources */ = {isa = PBXBuildFile; fileRef = F77EE1DE1CB69F1F009B8A04 /* AFAutoPurgingImageCache.m */; };
		F77EE1F21CB69F1F009B8A04 /* AFImageDownloader.m in Sources */ = {isa = PBXBuildFile; fileRef = F77EE1E01CB69F1F009B8A04 /* AFImageDownloader.m */; };
		F77EE1F31CB69F1F009B8A04 /* AFNetworkActivityIndicatorManager.m in Sources */ = {isa = PBXBuildFile; fileRef = F77EE1E21CB69F1F009B8A04 /* AFNetworkActivityIndicatorManager.m */; };
		F77EE1F41CB69F1F009B8A04 /* UIActivityIndicatorView+AFNetworking.m in Sources */ = {isa = PBXBuildFile; fileRef = F77EE1E41CB69F1F009B8A04 /* UIActivityIndicatorView+AFNetworking.m */; };
		F77EE1F51CB69F1F009B8A04 /* UIButton+AFNetworking.m in Sources */ = {isa = PBXBuildFile; fileRef = F77EE1E61CB69F1F009B8A04 /* UIButton+AFNetworking.m */; };
		F77EE1F61CB69F1F009B8A04 /* UIImageView+AFNetworking.m in Sources */ = {isa = PBXBuildFile; fileRef = F77EE1E91CB69F1F009B8A04 /* UIImageView+AFNetworking.m */; };
		F77EE1F71CB69F1F009B8A04 /* UIProgressView+AFNetworking.m in Sources */ = {isa = PBXBuildFile; fileRef = F77EE1EC1CB69F1F009B8A04 /* UIProgressView+AFNetworking.m */; };
		F77EE1F81CB69F1F009B8A04 /* UIRefreshControl+AFNetworking.m in Sources */ = {isa = PBXBuildFile; fileRef = F77EE1EE1CB69F1F009B8A04 /* UIRefreshControl+AFNetworking.m */; };
		F77EE1F91CB69F1F009B8A04 /* UIWebView+AFNetworking.m in Sources */ = {isa = PBXBuildFile; fileRef = F77EE1F01CB69F1F009B8A04 /* UIWebView+AFNetworking.m */; };
/* End PBXBuildFile section */

/* Begin PBXFileReference section */
		F77EE1AE1CB69CA0009B8A04 /* YMNetworkHelper.app */ = {isa = PBXFileReference; explicitFileType = wrapper.application; includeInIndex = 0; path = YMNetworkHelper.app; sourceTree = BUILT_PRODUCTS_DIR; };
		F77EE1B21CB69CA0009B8A04 /* main.m */ = {isa = PBXFileReference; lastKnownFileType = sourcecode.c.objc; path = main.m; sourceTree = "<group>"; };
		F77EE1B41CB69CA0009B8A04 /* AppDelegate.h */ = {isa = PBXFileReference; lastKnownFileType = sourcecode.c.h; path = AppDelegate.h; sourceTree = "<group>"; };
		F77EE1B51CB69CA0009B8A04 /* AppDelegate.m */ = {isa = PBXFileReference; lastKnownFileType = sourcecode.c.objc; path = AppDelegate.m; sourceTree = "<group>"; };
		F77EE1B71CB69CA0009B8A04 /* ViewController.h */ = {isa = PBXFileReference; lastKnownFileType = sourcecode.c.h; path = ViewController.h; sourceTree = "<group>"; };
		F77EE1B81CB69CA0009B8A04 /* ViewController.m */ = {isa = PBXFileReference; lastKnownFileType = sourcecode.c.objc; path = ViewController.m; sourceTree = "<group>"; };
		F77EE1BB1CB69CA0009B8A04 /* Base */ = {isa = PBXFileReference; lastKnownFileType = file.storyboard; name = Base; path = Base.lproj/Main.storyboard; sourceTree = "<group>"; };
		F77EE1BD1CB69CA0009B8A04 /* Assets.xcassets */ = {isa = PBXFileReference; lastKnownFileType = folder.assetcatalog; path = Assets.xcassets; sourceTree = "<group>"; };
		F77EE1C01CB69CA0009B8A04 /* Base */ = {isa = PBXFileReference; lastKnownFileType = file.storyboard; name = Base; path = Base.lproj/LaunchScreen.storyboard; sourceTree = "<group>"; };
		F77EE1C21CB69CA0009B8A04 /* Info.plist */ = {isa = PBXFileReference; lastKnownFileType = text.plist.xml; path = Info.plist; sourceTree = "<group>"; };
		F77EE1C91CB69F13009B8A04 /* AFHTTPSessionManager.h */ = {isa = PBXFileReference; fileEncoding = 4; lastKnownFileType = sourcecode.c.h; path = AFHTTPSessionManager.h; sourceTree = "<group>"; };
		F77EE1CA1CB69F13009B8A04 /* AFHTTPSessionManager.m */ = {isa = PBXFileReference; fileEncoding = 4; lastKnownFileType = sourcecode.c.objc; path = AFHTTPSessionManager.m; sourceTree = "<group>"; };
		F77EE1CB1CB69F13009B8A04 /* AFNetworking.h */ = {isa = PBXFileReference; fileEncoding = 4; lastKnownFileType = sourcecode.c.h; path = AFNetworking.h; sourceTree = "<group>"; };
		F77EE1CC1CB69F13009B8A04 /* AFNetworkReachabilityManager.h */ = {isa = PBXFileReference; fileEncoding = 4; lastKnownFileType = sourcecode.c.h; path = AFNetworkReachabilityManager.h; sourceTree = "<group>"; };
		F77EE1CD1CB69F13009B8A04 /* AFNetworkReachabilityManager.m */ = {isa = PBXFileReference; fileEncoding = 4; lastKnownFileType = sourcecode.c.objc; path = AFNetworkReachabilityManager.m; sourceTree = "<group>"; };
		F77EE1CE1CB69F13009B8A04 /* AFSecurityPolicy.h */ = {isa = PBXFileReference; fileEncoding = 4; lastKnownFileType = sourcecode.c.h; path = AFSecurityPolicy.h; sourceTree = "<group>"; };
		F77EE1CF1CB69F13009B8A04 /* AFSecurityPolicy.m */ = {isa = PBXFileReference; fileEncoding = 4; lastKnownFileType = sourcecode.c.objc; path = AFSecurityPolicy.m; sourceTree = "<group>"; };
		F77EE1D01CB69F13009B8A04 /* AFURLRequestSerialization.h */ = {isa = PBXFileReference; fileEncoding = 4; lastKnownFileType = sourcecode.c.h; path = AFURLRequestSerialization.h; sourceTree = "<group>"; };
		F77EE1D11CB69F13009B8A04 /* AFURLRequestSerialization.m */ = {isa = PBXFileReference; fileEncoding = 4; lastKnownFileType = sourcecode.c.objc; path = AFURLRequestSerialization.m; sourceTree = "<group>"; };
		F77EE1D21CB69F13009B8A04 /* AFURLResponseSerialization.h */ = {isa = PBXFileReference; fileEncoding = 4; lastKnownFileType = sourcecode.c.h; path = AFURLResponseSerialization.h; sourceTree = "<group>"; };
		F77EE1D31CB69F13009B8A04 /* AFURLResponseSerialization.m */ = {isa = PBXFileReference; fileEncoding = 4; lastKnownFileType = sourcecode.c.objc; path = AFURLResponseSerialization.m; sourceTree = "<group>"; };
		F77EE1D41CB69F13009B8A04 /* AFURLSessionManager.h */ = {isa = PBXFileReference; fileEncoding = 4; lastKnownFileType = sourcecode.c.h; path = AFURLSessionManager.h; sourceTree = "<group>"; };
		F77EE1D51CB69F13009B8A04 /* AFURLSessionManager.m */ = {isa = PBXFileReference; fileEncoding = 4; lastKnownFileType = sourcecode.c.objc; path = AFURLSessionManager.m; sourceTree = "<group>"; };
		F77EE1DD1CB69F1F009B8A04 /* AFAutoPurgingImageCache.h */ = {isa = PBXFileReference; fileEncoding = 4; lastKnownFileType = sourcecode.c.h; path = AFAutoPurgingImageCache.h; sourceTree = "<group>"; };
		F77EE1DE1CB69F1F009B8A04 /* AFAutoPurgingImageCache.m */ = {isa = PBXFileReference; fileEncoding = 4; lastKnownFileType = sourcecode.c.objc; path = AFAutoPurgingImageCache.m; sourceTree = "<group>"; };
		F77EE1DF1CB69F1F009B8A04 /* AFImageDownloader.h */ = {isa = PBXFileReference; fileEncoding = 4; lastKnownFileType = sourcecode.c.h; path = AFImageDownloader.h; sourceTree = "<group>"; };
		F77EE1E01CB69F1F009B8A04 /* AFImageDownloader.m */ = {isa = PBXFileReference; fileEncoding = 4; lastKnownFileType = sourcecode.c.objc; path = AFImageDownloader.m; sourceTree = "<group>"; };
		F77EE1E11CB69F1F009B8A04 /* AFNetworkActivityIndicatorManager.h */ = {isa = PBXFileReference; fileEncoding = 4; lastKnownFileType = sourcecode.c.h; path = AFNetworkActivityIndicatorManager.h; sourceTree = "<group>"; };
		F77EE1E21CB69F1F009B8A04 /* AFNetworkActivityIndicatorManager.m */ = {isa = PBXFileReference; fileEncoding = 4; lastKnownFileType = sourcecode.c.objc; path = AFNetworkActivityIndicatorManager.m; sourceTree = "<group>"; };
		F77EE1E31CB69F1F009B8A04 /* UIActivityIndicatorView+AFNetworking.h */ = {isa = PBXFileReference; fileEncoding = 4; lastKnownFileType = sourcecode.c.h; path = "UIActivityIndicatorView+AFNetworking.h"; sourceTree = "<group>"; };
		F77EE1E41CB69F1F009B8A04 /* UIActivityIndicatorView+AFNetworking.m */ = {isa = PBXFileReference; fileEncoding = 4; lastKnownFileType = sourcecode.c.objc; path = "UIActivityIndicatorView+AFNetworking.m"; sourceTree = "<group>"; };
		F77EE1E51CB69F1F009B8A04 /* UIButton+AFNetworking.h */ = {isa = PBXFileReference; fileEncoding = 4; lastKnownFileType = sourcecode.c.h; path = "UIButton+AFNetworking.h"; sourceTree = "<group>"; };
		F77EE1E61CB69F1F009B8A04 /* UIButton+AFNetworking.m */ = {isa = PBXFileReference; fileEncoding = 4; lastKnownFileType = sourcecode.c.objc; path = "UIButton+AFNetworking.m"; sourceTree = "<group>"; };
		F77EE1E71CB69F1F009B8A04 /* UIImage+AFNetworking.h */ = {isa = PBXFileReference; fileEncoding = 4; lastKnownFileType = sourcecode.c.h; path = "UIImage+AFNetworking.h"; sourceTree = "<group>"; };
		F77EE1E81CB69F1F009B8A04 /* UIImageView+AFNetworking.h */ = {isa = PBXFileReference; fileEncoding = 4; lastKnownFileType = sourcecode.c.h; path = "UIImageView+AFNetworking.h"; sourceTree = "<group>"; };
		F77EE1E91CB69F1F009B8A04 /* UIImageView+AFNetworking.m */ = {isa = PBXFileReference; fileEncoding = 4; lastKnownFileType = sourcecode.c.objc; path = "UIImageView+AFNetworking.m"; sourceTree = "<group>"; };
		F77EE1EA1CB69F1F009B8A04 /* UIKit+AFNetworking.h */ = {isa = PBXFileReference; fileEncoding = 4; lastKnownFileType = sourcecode.c.h; path = "UIKit+AFNetworking.h"; sourceTree = "<group>"; };
		F77EE1EB1CB69F1F009B8A04 /* UIProgressView+AFNetworking.h */ = {isa = PBXFileReference; fileEncoding = 4; lastKnownFileType = sourcecode.c.h; path = "UIProgressView+AFNetworking.h"; sourceTree = "<group>"; };
		F77EE1EC1CB69F1F009B8A04 /* UIProgressView+AFNetworking.m */ = {isa = PBXFileReference; fileEncoding = 4; lastKnownFileType = sourcecode.c.objc; path = "UIProgressView+AFNetworking.m"; sourceTree = "<group>"; };
		F77EE1ED1CB69F1F009B8A04 /* UIRefreshControl+AFNetworking.h */ = {isa = PBXFileReference; fileEncoding = 4; lastKnownFileType = sourcecode.c.h; path = "UIRefreshControl+AFNetworking.h"; sourceTree = "<group>"; };
		F77EE1EE1CB69F1F009B8A04 /* UIRefreshControl+AFNetworking.m */ = {isa = PBXFileReference; fileEncoding = 4; lastKnownFileType = sourcecode.c.objc; path = "UIRefreshControl+AFNetworking.m"; sourceTree = "<group>"; };
		F77EE1EF1CB69F1F009B8A04 /* UIWebView+AFNetworking.h */ = {isa = PBXFileReference; fileEncoding = 4; lastKnownFileType = sourcecode.c.h; path = "UIWebView+AFNetworking.h"; sourceTree = "<group>"; };
		F77EE1F01CB69F1F009B8A04 /* UIWebView+AFNetworking.m */ = {isa = PBXFileReference; fileEncoding = 4; lastKnownFileType = sourcecode.c.objc; path = "UIWebView+AFNetworking.m"; sourceTree = "<group>"; };
/* End PBXFileReference section */

/* Begin PBXFrameworksBuildPhase section */
		F77EE1AB1CB69CA0009B8A04 /* Frameworks */ = {
			isa = PBXFrameworksBuildPhase;
			buildActionMask = 2147483647;
			files = (
			);
			runOnlyForDeploymentPostprocessing = 0;
		};
/* End PBXFrameworksBuildPhase section */

/* Begin PBXGroup section */
		F77EE1A51CB69CA0009B8A04 = {
			isa = PBXGroup;
			children = (
				F77EE1B01CB69CA0009B8A04 /* YMNetworkHelper */,
				F77EE1AF1CB69CA0009B8A04 /* Products */,
			);
			sourceTree = "<group>";
		};
		F77EE1AF1CB69CA0009B8A04 /* Products */ = {
			isa = PBXGroup;
			children = (
				F77EE1AE1CB69CA0009B8A04 /* YMNetworkHelper.app */,
			);
			name = Products;
			sourceTree = "<group>";
		};
		F77EE1B01CB69CA0009B8A04 /* YMNetworkHelper */ = {
			isa = PBXGroup;
			children = (
				F77EE1C81CB69F13009B8A04 /* AFNetworking */,
				F77EE1DC1CB69F1F009B8A04 /* UIKit+AFNetworking */,
				F77EE1B41CB69CA0009B8A04 /* AppDelegate.h */,
				F77EE1B51CB69CA0009B8A04 /* AppDelegate.m */,
				F77EE1B71CB69CA0009B8A04 /* ViewController.h */,
				F77EE1B81CB69CA0009B8A04 /* ViewController.m */,
				F77EE1BA1CB69CA0009B8A04 /* Main.storyboard */,
				F77EE1BD1CB69CA0009B8A04 /* Assets.xcassets */,
				F77EE1BF1CB69CA0009B8A04 /* LaunchScreen.storyboard */,
				F77EE1C21CB69CA0009B8A04 /* Info.plist */,
				F77EE1B11CB69CA0009B8A04 /* Supporting Files */,
			);
			path = YMNetworkHelper;
			sourceTree = "<group>";
		};
		F77EE1B11CB69CA0009B8A04 /* Supporting Files */ = {
			isa = PBXGroup;
			children = (
				F77EE1B21CB69CA0009B8A04 /* main.m */,
			);
			name = "Supporting Files";
			sourceTree = "<group>";
		};
		F77EE1C81CB69F13009B8A04 /* AFNetworking */ = {
			isa = PBXGroup;
			children = (
				F77EE1C91CB69F13009B8A04 /* AFHTTPSessionManager.h */,
				F77EE1CA1CB69F13009B8A04 /* AFHTTPSessionManager.m */,
				F77EE1CB1CB69F13009B8A04 /* AFNetworking.h */,
				F77EE1CC1CB69F13009B8A04 /* AFNetworkReachabilityManager.h */,
				F77EE1CD1CB69F13009B8A04 /* AFNetworkReachabilityManager.m */,
				F77EE1CE1CB69F13009B8A04 /* AFSecurityPolicy.h */,
				F77EE1CF1CB69F13009B8A04 /* AFSecurityPolicy.m */,
				F77EE1D01CB69F13009B8A04 /* AFURLRequestSerialization.h */,
				F77EE1D11CB69F13009B8A04 /* AFURLRequestSerialization.m */,
				F77EE1D21CB69F13009B8A04 /* AFURLResponseSerialization.h */,
				F77EE1D31CB69F13009B8A04 /* AFURLResponseSerialization.m */,
				F77EE1D41CB69F13009B8A04 /* AFURLSessionManager.h */,
				F77EE1D51CB69F13009B8A04 /* AFURLSessionManager.m */,
			);
			path = AFNetworking;
			sourceTree = "<group>";
		};
		F77EE1DC1CB69F1F009B8A04 /* UIKit+AFNetworking */ = {
			isa = PBXGroup;
			children = (
				F77EE1DD1CB69F1F009B8A04 /* AFAutoPurgingImageCache.h */,
				F77EE1DE1CB69F1F009B8A04 /* AFAutoPurgingImageCache.m */,
				F77EE1DF1CB69F1F009B8A04 /* AFImageDownloader.h */,
				F77EE1E01CB69F1F009B8A04 /* AFImageDownloader.m */,
				F77EE1E11CB69F1F009B8A04 /* AFNetworkActivityIndicatorManager.h */,
				F77EE1E21CB69F1F009B8A04 /* AFNetworkActivityIndicatorManager.m */,
				F77EE1E31CB69F1F009B8A04 /* UIActivityIndicatorView+AFNetworking.h */,
				F77EE1E41CB69F1F009B8A04 /* UIActivityIndicatorView+AFNetworking.m */,
				F77EE1E51CB69F1F009B8A04 /* UIButton+AFNetworking.h */,
				F77EE1E61CB69F1F009B8A04 /* UIButton+AFNetworking.m */,
				F77EE1E71CB69F1F009B8A04 /* UIImage+AFNetworking.h */,
				F77EE1E81CB69F1F009B8A04 /* UIImageView+AFNetworking.h */,
				F77EE1E91CB69F1F009B8A04 /* UIImageView+AFNetworking.m */,
				F77EE1EA1CB69F1F009B8A04 /* UIKit+AFNetworking.h */,
				F77EE1EB1CB69F1F009B8A04 /* UIProgressView+AFNetworking.h */,
				F77EE1EC1CB69F1F009B8A04 /* UIProgressView+AFNetworking.m */,
				F77EE1ED1CB69F1F009B8A04 /* UIRefreshControl+AFNetworking.h */,
				F77EE1EE1CB69F1F009B8A04 /* UIRefreshControl+AFNetworking.m */,
				F77EE1EF1CB69F1F009B8A04 /* UIWebView+AFNetworking.h */,
				F77EE1F01CB69F1F009B8A04 /* UIWebView+AFNetworking.m */,
			);
			path = "UIKit+AFNetworking";
			sourceTree = "<group>";
		};
/* End PBXGroup section */

/* Begin PBXNativeTarget section */
		F77EE1AD1CB69CA0009B8A04 /* YMNetworkHelper */ = {
			isa = PBXNativeTarget;
			buildConfigurationList = F77EE1C51CB69CA0009B8A04 /* Build configuration list for PBXNativeTarget "YMNetworkHelper" */;
			buildPhases = (
				F77EE1AA1CB69CA0009B8A04 /* Sources */,
				F77EE1AB1CB69CA0009B8A04 /* Frameworks */,
				F77EE1AC1CB69CA0009B8A04 /* Resources */,
			);
			buildRules = (
			);
			dependencies = (
			);
			name = YMNetworkHelper;
			productName = YMNetworkHelper;
			productReference = F77EE1AE1CB69CA0009B8A04 /* YMNetworkHelper.app */;
			productType = "com.apple.product-type.application";
		};
/* End PBXNativeTarget section */

/* Begin PBXProject section */
		F77EE1A61CB69CA0009B8A04 /* Project object */ = {
			isa = PBXProject;
			attributes = {
				LastUpgradeCheck = 0720;
				ORGANIZATIONNAME = JingKeCompany;
				TargetAttributes = {
					F77EE1AD1CB69CA0009B8A04 = {
						CreatedOnToolsVersion = 7.2;
					};
				};
			};
			buildConfigurationList = F77EE1A91CB69CA0009B8A04 /* Build configuration list for PBXProject "YMNetworkHelper" */;
			compatibilityVersion = "Xcode 3.2";
			developmentRegion = English;
			hasScannedForEncodings = 0;
			knownRegions = (
				en,
				Base,
			);
			mainGroup = F77EE1A51CB69CA0009B8A04;
			productRefGroup = F77EE1AF1CB69CA0009B8A04 /* Products */;
			projectDirPath = "";
			projectRoot = "";
			targets = (
				F77EE1AD1CB69CA0009B8A04 /* YMNetworkHelper */,
			);
		};
/* End PBXProject section */

/* Begin PBXResourcesBuildPhase section */
		F77EE1AC1CB69CA0009B8A04 /* Resources */ = {
			isa = PBXResourcesBuildPhase;
			buildActionMask = 2147483647;
			files = (
				F77EE1C11CB69CA0009B8A04 /* LaunchScreen.storyboard in Resources */,
				F77EE1BE1CB69CA0009B8A04 /* Assets.xcassets in Resources */,
				F77EE1BC1CB69CA0009B8A04 /* Main.storyboard in Resources */,
			);
			runOnlyForDeploymentPostprocessing = 0;
		};
/* End PBXResourcesBuildPhase section */

/* Begin PBXSourcesBuildPhase section */
		F77EE1AA1CB69CA0009B8A04 /* Sources */ = {
			isa = PBXSourcesBuildPhase;
			buildActionMask = 2147483647;
			files = (
				F77EE1F71CB69F1F009B8A04 /* UIProgressView+AFNetworking.m in Sources */,
				F77EE1DB1CB69F13009B8A04 /* AFURLSessionManager.m in Sources */,
				F77EE1F91CB69F1F009B8A04 /* UIWebView+AFNetworking.m in Sources */,
				F77EE1F61CB69F1F009B8A04 /* UIImageView+AFNetworking.m in Sources */,
				F77EE1B91CB69CA0009B8A04 /* ViewController.m in Sources */,
				F77EE1F51CB69F1F009B8A04 /* UIButton+AFNetworking.m in Sources */,
				F77EE1B61CB69CA0009B8A04 /* AppDelegate.m in Sources */,
				F77EE1D71CB69F13009B8A04 /* AFNetworkReachabilityManager.m in Sources */,
				F77EE1F81CB69F1F009B8A04 /* UIRefreshControl+AFNetworking.m in Sources */,
				F77EE1B31CB69CA0009B8A04 /* main.m in Sources */,
				F77EE1F11CB69F1F009B8A04 /* AFAutoPurgingImageCache.m in Sources */,
				F77EE1D81CB69F13009B8A04 /* AFSecurityPolicy.m in Sources */,
				F77EE1D91CB69F13009B8A04 /* AFURLRequestSerialization.m in Sources */,
				F77EE1F31CB69F1F009B8A04 /* AFNetworkActivityIndicatorManager.m in Sources */,
				F77EE1DA1CB69F13009B8A04 /* AFURLResponseSerialization.m in Sources */,
				F77EE1D61CB69F13009B8A04 /* AFHTTPSessionManager.m in Sources */,
				F77EE1F21CB69F1F009B8A04 /* AFImageDownloader.m in Sources */,
				F77EE1F41CB69F1F009B8A04 /* UIActivityIndicatorView+AFNetworking.m in Sources */,
			);
			runOnlyForDeploymentPostprocessing = 0;
		};
/* End PBXSourcesBuildPhase section */

/* Begin PBXVariantGroup section */
		F77EE1BA1CB69CA0009B8A04 /* Main.storyboard */ = {
			isa = PBXVariantGroup;
			children = (
				F77EE1BB1CB69CA0009B8A04 /* Base */,
			);
			name = Main.storyboard;
			sourceTree = "<group>";
		};
		F77EE1BF1CB69CA0009B8A04 /* LaunchScreen.storyboard */ = {
			isa = PBXVariantGroup;
			children = (
				F77EE1C01CB69CA0009B8A04 /* Base */,
			);
			name = LaunchScreen.storyboard;
			sourceTree = "<group>";
		};
/* End PBXVariantGroup section */

/* Begin XCBuildConfiguration section */
		F77EE1C31CB69CA0009B8A04 /* Debug */ = {
			isa = XCBuildConfiguration;
			buildSettings = {
				ALWAYS_SEARCH_USER_PATHS = NO;
				CLANG_CXX_LANGUAGE_STANDARD = "gnu++0x";
				CLANG_CXX_LIBRARY = "libc++";
				CLANG_ENABLE_MODULES = YES;
				CLANG_ENABLE_OBJC_ARC = YES;
				CLANG_WARN_BOOL_CONVERSION = YES;
				CLANG_WARN_CONSTANT_CONVERSION = YES;
				CLANG_WARN_DIRECT_OBJC_ISA_USAGE = YES_ERROR;
				CLANG_WARN_EMPTY_BODY = YES;
				CLANG_WARN_ENUM_CONVERSION = YES;
				CLANG_WARN_INT_CONVERSION = YES;
				CLANG_WARN_OBJC_ROOT_CLASS = YES_ERROR;
				CLANG_WARN_UNREACHABLE_CODE = YES;
				CLANG_WARN__DUPLICATE_METHOD_MATCH = YES;
				"CODE_SIGN_IDENTITY[sdk=iphoneos*]" = "iPhone Developer";
				COPY_PHASE_STRIP = NO;
				DEBUG_INFORMATION_FORMAT = dwarf;
				ENABLE_STRICT_OBJC_MSGSEND = YES;
				ENABLE_TESTABILITY = YES;
				GCC_C_LANGUAGE_STANDARD = gnu99;
				GCC_DYNAMIC_NO_PIC = NO;
				GCC_NO_COMMON_BLOCKS = YES;
				GCC_OPTIMIZATION_LEVEL = 0;
				GCC_PREPROCESSOR_DEFINITIONS = (
					"DEBUG=1",
					"$(inherited)",
				);
				GCC_WARN_64_TO_32_BIT_CONVERSION = YES;
				GCC_WARN_ABOUT_RETURN_TYPE = YES_ERROR;
				GCC_WARN_UNDECLARED_SELECTOR = YES;
				GCC_WARN_UNINITIALIZED_AUTOS = YES_AGGRESSIVE;
				GCC_WARN_UNUSED_FUNCTION = YES;
				GCC_WARN_UNUSED_VARIABLE = YES;
				IPHONEOS_DEPLOYMENT_TARGET = 9.2;
				MTL_ENABLE_DEBUG_INFO = YES;
				ONLY_ACTIVE_ARCH = YES;
				SDKROOT = iphoneos;
			};
			name = Debug;
		};
		F77EE1C41CB69CA0009B8A04 /* Release */ = {
			isa = XCBuildConfiguration;
			buildSettings = {
				ALWAYS_SEARCH_USER_PATHS = NO;
				CLANG_CXX_LANGUAGE_STANDARD = "gnu++0x";
				CLANG_CXX_LIBRARY = "libc++";
				CLANG_ENABLE_MODULES = YES;
				CLANG_ENABLE_OBJC_ARC = YES;
				CLANG_WARN_BOOL_CONVERSION = YES;
				CLANG_WARN_CONSTANT_CONVERSION = YES;
				CLANG_WARN_DIRECT_OBJC_ISA_USAGE = YES_ERROR;
				CLANG_WARN_EMPTY_BODY = YES;
				CLANG_WARN_ENUM_CONVERSION = YES;
				CLANG_WARN_INT_CONVERSION = YES;
				CLANG_WARN_OBJC_ROOT_CLASS = YES_ERROR;
				CLANG_WARN_UNREACHABLE_CODE = YES;
				CLANG_WARN__DUPLICATE_METHOD_MATCH = YES;
				"CODE_SIGN_IDENTITY[sdk=iphoneos*]" = "iPhone Developer";
				COPY_PHASE_STRIP = NO;
				DEBUG_INFORMATION_FORMAT = "dwarf-with-dsym";
				ENABLE_NS_ASSERTIONS = NO;
				ENABLE_STRICT_OBJC_MSGSEND = YES;
				GCC_C_LANGUAGE_STANDARD = gnu99;
				GCC_NO_COMMON_BLOCKS = YES;
				GCC_WARN_64_TO_32_BIT_CONVERSION = YES;
				GCC_WARN_ABOUT_RETURN_TYPE = YES_ERROR;
				GCC_WARN_UNDECLARED_SELECTOR = YES;
				GCC_WARN_UNINITIALIZED_AUTOS = YES_AGGRESSIVE;
				GCC_WARN_UNUSED_FUNCTION = YES;
				GCC_WARN_UNUSED_VARIABLE = YES;
				IPHONEOS_DEPLOYMENT_TARGET = 9.2;
				MTL_ENABLE_DEBUG_INFO = NO;
				SDKROOT = iphoneos;
				VALIDATE_PRODUCT = YES;
			};
			name = Release;
		};
		F77EE1C61CB69CA0009B8A04 /* Debug */ = {
			isa = XCBuildConfiguration;
			buildSettings = {
				ASSETCATALOG_COMPILER_APPICON_NAME = AppIcon;
				INFOPLIST_FILE = YMNetworkHelper/Info.plist;
				LD_RUNPATH_SEARCH_PATHS = "$(inherited) @executable_path/Frameworks";
				PRODUCT_BUNDLE_IDENTIFIER = long.m.YMNetworkHelper;
				PRODUCT_NAME = "$(TARGET_NAME)";
			};
			name = Debug;
		};
		F77EE1C71CB69CA0009B8A04 /* Release */ = {
			isa = XCBuildConfiguration;
			buildSettings = {
				ASSETCATALOG_COMPILER_APPICON_NAME = AppIcon;
				INFOPLIST_FILE = YMNetworkHelper/Info.plist;
				LD_RUNPATH_SEARCH_PATHS = "$(inherited) @executable_path/Frameworks";
				PRODUCT_BUNDLE_IDENTIFIER = long.m.YMNetworkHelper;
				PRODUCT_NAME = "$(TARGET_NAME)";
			};
			name = Release;
		};
/* End XCBuildConfiguration section */

/* Begin XCConfigurationList section */
		F77EE1A91CB69CA0009B8A04 /* Build configuration list for PBXProject "YMNetworkHelper" */ = {
			isa = XCConfigurationList;
			buildConfigurations = (
				F77EE1C31CB69CA0009B8A04 /* Debug */,
				F77EE1C41CB69CA0009B8A04 /* Release */,
			);
			defaultConfigurationIsVisible = 0;
			defaultConfigurationName = Release;
		};
		F77EE1C51CB69CA0009B8A04 /* Build configuration list for PBXNativeTarget "YMNetworkHelper" */ = {
			isa = XCConfigurationList;
			buildConfigurations = (
				F77EE1C61CB69CA0009B8A04 /* Debug */,
				F77EE1C71CB69CA0009B8A04 /* Release */,
			);
			defaultConfigurationIsVisible = 0;
		};
/* End XCConfigurationList section */
	};
	rootObject = F77EE1A61CB69CA0009B8A04 /* Project object */;
}
